{
  "version": 4,
  "terraform_version": "1.2.0",
  "serial": 12,
  "lineage": "3a961856-993d-7b6e-9f98-5bacbecc25d3",
  "outputs": {
    "app_service_name": {
      "value": "autocert-as",
      "type": "string"
    }
  },
  "resources": [
    {
      "mode": "managed",
      "type": "azurerm_linux_web_app",
      "name": "autocert_as",
      "provider": "provider[\"registry.terraform.io/hashicorp/azurerm\"]",
      "instances": [
        {
          "schema_version": 0,
          "attributes": {
            "app_settings": {
              "AUTOCERT_API_TOKEN": "6e4946cac700178f125628fe1dac530b8a5909be8abe6a394f7a8bec1e142bc6",
              "AUTOCERT_EMAIL_FROM": "marcosjr861@gmail.com",
              "AUTOCERT_EMAIL_SUBJECT": "Autocert",
              "AUTOCERT_TOKEN_EMAIL": "uaxecxuhhruewfjm"
            },
            "auth_settings": [
              {
                "active_directory": [],
                "additional_login_parameters": {},
                "allowed_external_redirect_urls": [],
                "default_provider": "",
                "enabled": false,
                "facebook": [],
                "github": [],
                "google": [],
                "issuer": "",
                "microsoft": [],
                "runtime_version": "",
                "token_refresh_extension_hours": 0,
                "token_store_enabled": false,
                "twitter": [],
                "unauthenticated_client_action": ""
              }
            ],
            "backup": [],
            "client_affinity_enabled": false,
            "client_certificate_enabled": false,
            "client_certificate_mode": "Required",
            "connection_string": [],
            "custom_domain_verification_id": "F449562C212925D0BD39D14959B84EDBEE48645E0F9F79F2DD081808A4090D0F",
            "default_hostname": "autocert-as.azurewebsites.net",
            "enabled": true,
            "https_only": false,
            "id": "/subscriptions/ca377d1b-4e26-46d7-b73c-1938dee3f293/resourceGroups/autocert-rg/providers/Microsoft.Web/sites/autocert-as",
            "identity": [],
            "key_vault_reference_identity_id": "SystemAssigned",
            "kind": "app,linux",
            "location": "eastus2",
            "logs": [],
            "name": "autocert-as",
            "outbound_ip_address_list": [
              "52.177.138.118",
              "52.177.143.234",
              "52.177.248.46",
              "52.177.248.126",
              "52.177.248.130",
              "52.177.248.145",
              "20.49.97.23"
            ],
            "outbound_ip_addresses": "52.177.138.118,52.177.143.234,52.177.248.46,52.177.248.126,52.177.248.130,52.177.248.145,20.49.97.23",
            "possible_outbound_ip_address_list": [
              "52.177.138.118",
              "52.177.143.234",
              "52.177.248.46",
              "52.177.248.126",
              "52.177.248.130",
              "52.177.248.145",
              "52.177.248.159",
              "52.177.248.187",
              "52.177.249.166",
              "52.177.249.248",
              "52.177.250.10",
              "52.177.250.19",
              "52.177.250.78",
              "52.177.140.98",
              "52.177.250.124",
              "52.177.250.144",
              "52.177.250.159",
              "52.177.140.40",
              "20.85.49.92",
              "20.85.49.183",
              "20.85.50.200",
              "20.85.50.212",
              "20.85.51.38",
              "20.85.51.66",
              "20.49.97.23"
            ],
            "possible_outbound_ip_addresses": "52.177.138.118,52.177.143.234,52.177.248.46,52.177.248.126,52.177.248.130,52.177.248.145,52.177.248.159,52.177.248.187,52.177.249.166,52.177.249.248,52.177.250.10,52.177.250.19,52.177.250.78,52.177.140.98,52.177.250.124,52.177.250.144,52.177.250.159,52.177.140.40,20.85.49.92,20.85.49.183,20.85.50.200,20.85.50.212,20.85.51.38,20.85.51.66,20.49.97.23",
            "resource_group_name": "autocert-rg",
            "service_plan_id": "/subscriptions/ca377d1b-4e26-46d7-b73c-1938dee3f293/resourceGroups/autocert-rg/providers/Microsoft.Web/serverfarms/autocert-sp",
            "site_config": [
              {
                "always_on": true,
                "api_definition_url": "",
                "api_management_api_id": "",
                "app_command_line": "",
                "application_stack": [
                  {
                    "docker_image": "",
                    "docker_image_tag": "",
                    "dotnet_version": "",
                    "java_server": "",
                    "java_server_version": "",
                    "java_version": "",
                    "node_version": "",
                    "php_version": "",
                    "python_version": "",
                    "ruby_version": ""
                  }
                ],
                "auto_heal_enabled": false,
                "auto_heal_setting": [],
                "container_registry_managed_identity_client_id": "",
                "container_registry_use_managed_identity": false,
                "cors": [],
                "default_documents": [
                  "Default.htm",
                  "Default.html",
                  "Default.asp",
                  "index.htm",
                  "index.html",
                  "iisstart.htm",
                  "default.aspx",
                  "index.php",
                  "hostingstart.html"
                ],
                "detailed_error_logging_enabled": false,
                "ftps_state": "Disabled",
                "health_check_eviction_time_in_min": 0,
                "health_check_path": "",
                "http2_enabled": false,
                "ip_restriction": [],
                "linux_fx_version": "",
                "load_balancing_mode": "LeastRequests",
                "local_mysql_enabled": false,
                "managed_pipeline_mode": "Integrated",
                "minimum_tls_version": "1.2",
                "remote_debugging_enabled": false,
                "remote_debugging_version": "VS2019",
                "scm_ip_restriction": [],
                "scm_minimum_tls_version": "1.2",
                "scm_type": "None",
                "scm_use_main_ip_restriction": false,
                "use_32_bit_worker": true,
                "vnet_route_all_enabled": false,
                "websockets_enabled": false,
                "worker_count": 1
              }
            ],
            "site_credential": [
              {
                "name": "$autocert-as",
                "password": "Tg6wDfu4PcoNg12wZpEMS3lZT16FKtwjZ4eZoGjRms4a51D5TLSApkx0g2bC"
              }
            ],
            "storage_account": [],
            "tags": null,
            "timeouts": null
          },
          "sensitive_attributes": [],
          "private": "eyJlMmJmYjczMC1lY2FhLTExZTYtOGY4OC0zNDM2M2JjN2M0YzAiOnsiY3JlYXRlIjoxODAwMDAwMDAwMDAwLCJkZWxldGUiOjE4MDAwMDAwMDAwMDAsInJlYWQiOjMwMDAwMDAwMDAwMCwidXBkYXRlIjoxODAwMDAwMDAwMDAwfX0=",
          "dependencies": [
            "azurerm_resource_group.autocert_rg",
            "azurerm_service_plan.autocert_sp"
          ]
        }
      ]
    },
    {
      "mode": "managed",
      "type": "azurerm_resource_group",
      "name": "autocert_rg",
      "provider": "provider[\"registry.terraform.io/hashicorp/azurerm\"]",
      "instances": [
        {
          "schema_version": 0,
          "attributes": {
            "id": "/subscriptions/ca377d1b-4e26-46d7-b73c-1938dee3f293/resourceGroups/autocert-rg",
            "location": "eastus2",
            "name": "autocert-rg",
            "tags": null,
            "timeouts": null
          },
          "sensitive_attributes": [],
          "private": "eyJlMmJmYjczMC1lY2FhLTExZTYtOGY4OC0zNDM2M2JjN2M0YzAiOnsiY3JlYXRlIjo1NDAwMDAwMDAwMDAwLCJkZWxldGUiOjU0MDAwMDAwMDAwMDAsInJlYWQiOjMwMDAwMDAwMDAwMCwidXBkYXRlIjo1NDAwMDAwMDAwMDAwfX0="
        }
      ]
    },
    {
      "mode": "managed",
      "type": "azurerm_service_plan",
      "name": "autocert_sp",
      "provider": "provider[\"registry.terraform.io/hashicorp/azurerm\"]",
      "instances": [
        {
          "schema_version": 0,
          "attributes": {
            "app_service_environment_id": "",
            "id": "/subscriptions/ca377d1b-4e26-46d7-b73c-1938dee3f293/resourceGroups/autocert-rg/providers/Microsoft.Web/serverfarms/autocert-sp",
            "kind": "linux",
            "location": "eastus2",
            "maximum_elastic_worker_count": 1,
            "name": "autocert-sp",
            "os_type": "Linux",
            "per_site_scaling_enabled": false,
            "reserved": true,
            "resource_group_name": "autocert-rg",
            "sku_name": "B2",
            "tags": null,
            "timeouts": null,
            "worker_count": 1
          },
          "sensitive_attributes": [],
          "private": "eyJlMmJmYjczMC1lY2FhLTExZTYtOGY4OC0zNDM2M2JjN2M0YzAiOnsiY3JlYXRlIjozNjAwMDAwMDAwMDAwLCJkZWxldGUiOjM2MDAwMDAwMDAwMDAsInJlYWQiOjMwMDAwMDAwMDAwMCwidXBkYXRlIjozNjAwMDAwMDAwMDAwfX0=",
          "dependencies": [
            "azurerm_resource_group.autocert_rg"
          ]
        }
      ]
    }
  ]
}
